
Microsoft Visual Studio Solution File, Format Version 12.00
# Visual Studio Version 16
VisualStudioVersion = 16.0.31729.503
MinimumVisualStudioVersion = 10.0.40219.1
Project("{FAE04EC0-301F-11D3-BF4B-00C04F79EFBC}") = "EmployeeWage", "EmployeeWage.csproj", "{909E7BAC-7825-43C2-8DF5-76FF7D45940B}"
EndProject
Global
	GlobalSection(SolutionConfigurationPlatforms) = preSolution
		Debug|Any CPU = Debug|Any CPU
		Release|Any CPU = Release|Any CPU
	EndGlobalSection
	GlobalSection(ProjectConfigurationPlatforms) = postSolution
		{909E7BAC-7825-43C2-8DF5-76FF7D45940B}.Debug|Any CPU.ActiveCfg = Debug|Any CPU
		{909E7BAC-7825-43C2-8DF5-76FF7D45940B}.Debug|Any CPU.Build.0 = Debug|Any CPU
		{909E7BAC-7825-43C2-8DF5-76FF7D45940B}.Release|Any CPU.ActiveCfg = Release|Any CPU
		{909E7BAC-7825-43C2-8DF5-76FF7D45940B}.Release|Any CPU.Build.0 = Release|Any CPU
	EndGlobalSection
	GlobalSection(SolutionProperties) = preSolution
		HideSolutionNode = FALSE
	EndGlobalSection
	GlobalSection(ExtensibilityGlobals) = postSolution
		SolutionGuid = {822B6816-D2F1-4FBB-8E27-E655C2D667D4}
	EndGlobalSection
EndGlobal
