
Microsoft Visual Studio Solution File, Format Version 12.00
# Visual Studio Version 16
VisualStudioVersion = 16.0.31729.503
MinimumVisualStudioVersion = 10.0.40219.1
Project("{FAE04EC0-301F-11D3-BF4B-00C04F79EFBC}") = "EmpWageUsingArray", "EmpWageUsingArray.csproj", "{C73C6B66-850E-486B-974B-C045D4EB510B}"
EndProject
Global
	GlobalSection(SolutionConfigurationPlatforms) = preSolution
		Debug|Any CPU = Debug|Any CPU
		Release|Any CPU = Release|Any CPU
	EndGlobalSection
	GlobalSection(ProjectConfigurationPlatforms) = postSolution
		{C73C6B66-850E-486B-974B-C045D4EB510B}.Debug|Any CPU.ActiveCfg = Debug|Any CPU
		{C73C6B66-850E-486B-974B-C045D4EB510B}.Debug|Any CPU.Build.0 = Debug|Any CPU
		{C73C6B66-850E-486B-974B-C045D4EB510B}.Release|Any CPU.ActiveCfg = Release|Any CPU
		{C73C6B66-850E-486B-974B-C045D4EB510B}.Release|Any CPU.Build.0 = Release|Any CPU
	EndGlobalSection
	GlobalSection(SolutionProperties) = preSolution
		HideSolutionNode = FALSE
	EndGlobalSection
	GlobalSection(ExtensibilityGlobals) = postSolution
		SolutionGuid = {B3AAF7E9-6A6E-4EB5-A0B6-942A492C0EA5}
	EndGlobalSection
EndGlobal
