
Microsoft Visual Studio Solution File, Format Version 12.00
# Visual Studio Version 16
VisualStudioVersion = 16.0.31729.503
MinimumVisualStudioVersion = 10.0.40219.1
Project("{FAE04EC0-301F-11D3-BF4B-00C04F79EFBC}") = "UC6 wages for a month", "UC6 wages for a month.csproj", "{5760F8EE-C980-4CC3-A7D2-3DBEDD1C301A}"
EndProject
Global
	GlobalSection(SolutionConfigurationPlatforms) = preSolution
		Debug|Any CPU = Debug|Any CPU
		Release|Any CPU = Release|Any CPU
	EndGlobalSection
	GlobalSection(ProjectConfigurationPlatforms) = postSolution
		{5760F8EE-C980-4CC3-A7D2-3DBEDD1C301A}.Debug|Any CPU.ActiveCfg = Debug|Any CPU
		{5760F8EE-C980-4CC3-A7D2-3DBEDD1C301A}.Debug|Any CPU.Build.0 = Debug|Any CPU
		{5760F8EE-C980-4CC3-A7D2-3DBEDD1C301A}.Release|Any CPU.ActiveCfg = Release|Any CPU
		{5760F8EE-C980-4CC3-A7D2-3DBEDD1C301A}.Release|Any CPU.Build.0 = Release|Any CPU
	EndGlobalSection
	GlobalSection(SolutionProperties) = preSolution
		HideSolutionNode = FALSE
	EndGlobalSection
	GlobalSection(ExtensibilityGlobals) = postSolution
		SolutionGuid = {32C1C7B7-5520-4022-8229-2926FDC076BD}
	EndGlobalSection
EndGlobal
